
Microsoft Visual Studio Solution File, Format Version 12.00
# Visual Studio 15
VisualStudioVersion = 15.0.27130.2020
MinimumVisualStudioVersion = 10.0.40219.1
Project("{9A19103F-16F7-4668-BE54-9A1E7A4F7556}") = "ToolLibrary", "ClassLibrary1\ToolLibrary.csproj", "{BBE37B8A-0CA9-44AF-A73E-FDD958EF1794}"
EndProject
Project("{9A19103F-16F7-4668-BE54-9A1E7A4F7556}") = "TestRunner", "TestConsoleApp\TestRunner.csproj", "{1FAD010F-3A2A-43E8-91D3-282844E07D01}"
EndProject
Global
	GlobalSection(SolutionConfigurationPlatforms) = preSolution
		Debug|Any CPU = Debug|Any CPU
		Release|Any CPU = Release|Any CPU
	EndGlobalSection
	GlobalSection(ProjectConfigurationPlatforms) = postSolution
		{BBE37B8A-0CA9-44AF-A73E-FDD958EF1794}.Debug|Any CPU.ActiveCfg = Debug|Any CPU
		{BBE37B8A-0CA9-44AF-A73E-FDD958EF1794}.Debug|Any CPU.Build.0 = Debug|Any CPU
		{BBE37B8A-0CA9-44AF-A73E-FDD958EF1794}.Release|Any CPU.ActiveCfg = Release|Any CPU
		{BBE37B8A-0CA9-44AF-A73E-FDD958EF1794}.Release|Any CPU.Build.0 = Release|Any CPU
		{1FAD010F-3A2A-43E8-91D3-282844E07D01}.Debug|Any CPU.ActiveCfg = Debug|Any CPU
		{1FAD010F-3A2A-43E8-91D3-282844E07D01}.Debug|Any CPU.Build.0 = Debug|Any CPU
		{1FAD010F-3A2A-43E8-91D3-282844E07D01}.Release|Any CPU.ActiveCfg = Release|Any CPU
		{1FAD010F-3A2A-43E8-91D3-282844E07D01}.Release|Any CPU.Build.0 = Release|Any CPU
	EndGlobalSection
	GlobalSection(SolutionProperties) = preSolution
		HideSolutionNode = FALSE
	EndGlobalSection
	GlobalSection(ExtensibilityGlobals) = postSolution
		SolutionGuid = {73E5DEBD-8439-4CFE-848E-5D76656E6A3E}
	EndGlobalSection
EndGlobal
